
Microsoft Visual Studio Solution File, Format Version 12.00
# Visual Studio Version 17
VisualStudioVersion = 17.3.32901.215
MinimumVisualStudioVersion = 10.0.40219.1
Project("{FAE04EC0-301F-11D3-BF4B-00C04F79EFBC}") = "KlingelnbergHRM.API", "KlingelnbergHRM.API\KlingelnbergHRM.API.csproj", "{D42E56E4-8D3B-44CB-AE5E-2DFEBC7C3052}"
EndProject
Global
	GlobalSection(SolutionConfigurationPlatforms) = preSolution
		Debug|Any CPU = Debug|Any CPU
		Release|Any CPU = Release|Any CPU
	EndGlobalSection
	GlobalSection(ProjectConfigurationPlatforms) = postSolution
		{D42E56E4-8D3B-44CB-AE5E-2DFEBC7C3052}.Debug|Any CPU.ActiveCfg = Debug|Any CPU
		{D42E56E4-8D3B-44CB-AE5E-2DFEBC7C3052}.Debug|Any CPU.Build.0 = Debug|Any CPU
		{D42E56E4-8D3B-44CB-AE5E-2DFEBC7C3052}.Release|Any CPU.ActiveCfg = Release|Any CPU
		{D42E56E4-8D3B-44CB-AE5E-2DFEBC7C3052}.Release|Any CPU.Build.0 = Release|Any CPU
	EndGlobalSection
	GlobalSection(SolutionProperties) = preSolution
		HideSolutionNode = FALSE
	EndGlobalSection
	GlobalSection(ExtensibilityGlobals) = postSolution
		SolutionGuid = {A7A9025A-072C-43CA-BDF0-9BFE0FA51D47}
	EndGlobalSection
EndGlobal
