
Microsoft Visual Studio Solution File, Format Version 12.00
# Visual Studio Version 17
VisualStudioVersion = 17.3.32901.215
MinimumVisualStudioVersion = 10.0.40219.1
Project("{FAE04EC0-301F-11D3-BF4B-00C04F79EFBC}") = "CorseLibrary.API", "CorseLibrary.API\CorseLibrary.API.csproj", "{E49F4071-AB82-4547-AC5C-F8BF5B198F4E}"
EndProject
Global
	GlobalSection(SolutionConfigurationPlatforms) = preSolution
		Debug|Any CPU = Debug|Any CPU
		Release|Any CPU = Release|Any CPU
	EndGlobalSection
	GlobalSection(ProjectConfigurationPlatforms) = postSolution
		{E49F4071-AB82-4547-AC5C-F8BF5B198F4E}.Debug|Any CPU.ActiveCfg = Debug|Any CPU
		{E49F4071-AB82-4547-AC5C-F8BF5B198F4E}.Debug|Any CPU.Build.0 = Debug|Any CPU
		{E49F4071-AB82-4547-AC5C-F8BF5B198F4E}.Release|Any CPU.ActiveCfg = Release|Any CPU
		{E49F4071-AB82-4547-AC5C-F8BF5B198F4E}.Release|Any CPU.Build.0 = Release|Any CPU
	EndGlobalSection
	GlobalSection(SolutionProperties) = preSolution
		HideSolutionNode = FALSE
	EndGlobalSection
	GlobalSection(ExtensibilityGlobals) = postSolution
		SolutionGuid = {D1AD25A7-D62A-402C-BE28-C2ED434FB4DA}
	EndGlobalSection
EndGlobal
